// !$*UTF8*$!
{
	archiveVersion = 1;
	classes = {
	};
	objectVersion = 77;
	objects = {

/* Begin PBXContainerItemProxy section */
		7410E6732DA259DA0078797B /* PBXContainerItemProxy */ = {
			isa = PBXContainerItemProxy;
			containerPortal = 7410E65A2DA259D70078797B /* Project object */;
			proxyType = 1;
			remoteGlobalIDString = 7410E6612DA259D70078797B;
			remoteInfo = "Health_Final Project";
		};
		7410E67D2DA259DA0078797B /* PBXContainerItemProxy */ = {
			isa = PBXContainerItemProxy;
			containerPortal = 7410E65A2DA259D70078797B /* Project object */;
			proxyType = 1;
			remoteGlobalIDString = 7410E6612DA259D70078797B;
			remoteInfo = "Health_Final Project";
		};
/* End PBXContainerItemProxy section */

/* Begin PBXFileReference section */
		7410E6622DA259D70078797B /* Health_Final Project.app */ = {isa = PBXFileReference; explicitFileType = wrapper.application; includeInIndex = 0; path = "Health_Final Project.app"; sourceTree = BUILT_PRODUCTS_DIR; };
		7410E6722DA259DA0078797B /* Health_Final ProjectTests.xctest */ = {isa = PBXFileReference; explicitFileType = wrapper.cfbundle; includeInIndex = 0; path = "Health_Final ProjectTests.xctest"; sourceTree = BUILT_PRODUCTS_DIR; };
		7410E67C2DA259DA0078797B /* Health_Final ProjectUITests.xctest */ = {isa = PBXFileReference; explicitFileType = wrapper.cfbundle; includeInIndex = 0; path = "Health_Final ProjectUITests.xctest"; sourceTree = BUILT_PRODUCTS_DIR; };
/* End PBXFileReference section */

/* Begin PBXFileSystemSynchronizedRootGroup section */
		7410E6642DA259D70078797B /* Health_Final Project */ = {
			isa = PBXFileSystemSynchronizedRootGroup;
			path = "Health_Final Project";
			sourceTree = "<group>";
		};
		7410E6752DA259DA0078797B /* Health_Final ProjectTests */ = {
			isa = PBXFileSystemSynchronizedRootGroup;
			path = "Health_Final ProjectTests";
			sourceTree = "<group>";
		};
		7410E67F2DA259DA0078797B /* Health_Final ProjectUITests */ = {
			isa = PBXFileSystemSynchronizedRootGroup;
			path = "Health_Final ProjectUITests";
			sourceTree = "<group>";
		};
/* End PBXFileSystemSynchronizedRootGroup section */

/* Begin PBXFrameworksBuildPhase section */
		7410E65F2DA259D70078797B /* Frameworks */ = {
			isa = PBXFrameworksBuildPhase;
			buildActionMask = 2147483647;
			files = (
			);
			runOnlyForDeploymentPostprocessing = 0;
		};
		7410E66F2DA259DA0078797B /* Frameworks */ = {
			isa = PBXFrameworksBuildPhase;
			buildActionMask = 2147483647;
			files = (
			);
			runOnlyForDeploymentPostprocessing = 0;
		};
		7410E6792DA259DA0078797B /* Frameworks */ = {
			isa = PBXFrameworksBuildPhase;
			buildActionMask = 2147483647;
			files = (
			);
			runOnlyForDeploymentPostprocessing = 0;
		};
/* End PBXFrameworksBuildPhase section */

/* Begin PBXGroup section */
		7410E6592DA259D70078797B = {
			isa = PBXGroup;
			children = (
				7410E6642DA259D70078797B /* Health_Final Project */,
				7410E6752DA259DA0078797B /* Health_Final ProjectTests */,
				7410E67F2DA259DA0078797B /* Health_Final ProjectUITests */,
				7410E6632DA259D70078797B /* Products */,
			);
			sourceTree = "<group>";
		};
		7410E6632DA259D70078797B /* Products */ = {
			isa = PBXGroup;
			children = (
				7410E6622DA259D70078797B /* Health_Final Project.app */,
				7410E6722DA259DA0078797B /* Health_Final ProjectTests.xctest */,
				7410E67C2DA259DA0078797B /* Health_Final ProjectUITests.xctest */,
			);
			name = Products;
			sourceTree = "<group>";
		};
/* End PBXGroup section */

/* Begin PBXNativeTarget section */
		7410E6612DA259D70078797B /* Health_Final Project */ = {
			isa = PBXNativeTarget;
			buildConfigurationList = 7410E6862DA259DA0078797B /* Build configuration list for PBXNativeTarget "Health_Final Project" */;
			buildPhases = (
				7410E65E2DA259D70078797B /* Sources */,
				7410E65F2DA259D70078797B /* Frameworks */,
				7410E6602DA259D70078797B /* Resources */,
			);
			buildRules = (
			);
			dependencies = (
			);
			fileSystemSynchronizedGroups = (
				7410E6642DA259D70078797B /* Health_Final Project */,
			);
			name = "Health_Final Project";
			packageProductDependencies = (
			);
			productName = "Health_Final Project";
			productReference = 7410E6622DA259D70078797B /* Health_Final Project.app */;
			productType = "com.apple.product-type.application";
		};
		7410E6712DA259DA0078797B /* Health_Final ProjectTests */ = {
			isa = PBXNativeTarget;
			buildConfigurationList = 7410E6892DA259DA0078797B /* Build configuration list for PBXNativeTarget "Health_Final ProjectTests" */;
			buildPhases = (
				7410E66E2DA259DA0078797B /* Sources */,
				7410E66F2DA259DA0078797B /* Frameworks */,
				7410E6702DA259DA0078797B /* Resources */,
			);
			buildRules = (
			);
			dependencies = (
				7410E6742DA259DA0078797B /* PBXTargetDependency */,
			);
			fileSystemSynchronizedGroups = (
				7410E6752DA259DA0078797B /* Health_Final ProjectTests */,
			);
			name = "Health_Final ProjectTests";
			packageProductDependencies = (
			);
			productName = "Health_Final ProjectTests";
			productReference = 7410E6722DA259DA0078797B /* Health_Final ProjectTests.xctest */;
			productType = "com.apple.product-type.bundle.unit-test";
		};
		7410E67B2DA259DA0078797B /* Health_Final ProjectUITests */ = {
			isa = PBXNativeTarget;
			buildConfigurationList = 7410E68C2DA259DA0078797B /* Build configuration list for PBXNativeTarget "Health_Final ProjectUITests" */;
			buildPhases = (
				7410E6782DA259DA0078797B /* Sources */,
				7410E6792DA259DA0078797B /* Frameworks */,
				7410E67A2DA259DA0078797B /* Resources */,
			);
			buildRules = (
			);
			dependencies = (
				7410E67E2DA259DA0078797B /* PBXTargetDependency */,
			);
			fileSystemSynchronizedGroups = (
				7410E67F2DA259DA0078797B /* Health_Final ProjectUITests */,
			);
			name = "Health_Final ProjectUITests";
			packageProductDependencies = (
			);
			productName = "Health_Final ProjectUITests";
			productReference = 7410E67C2DA259DA0078797B /* Health_Final ProjectUITests.xctest */;
			productType = "com.apple.product-type.bundle.ui-testing";
		};
/* End PBXNativeTarget section */

/* Begin PBXProject section */
		7410E65A2DA259D70078797B /* Project object */ = {
			isa = PBXProject;
			attributes = {
				BuildIndependentTargetsInParallel = 1;
				LastSwiftUpdateCheck = 1620;
				LastUpgradeCheck = 1620;
				TargetAttributes = {
					7410E6612DA259D70078797B = {
						CreatedOnToolsVersion = 16.2;
					};
					7410E6712DA259DA0078797B = {
						CreatedOnToolsVersion = 16.2;
						TestTargetID = 7410E6612DA259D70078797B;
					};
					7410E67B2DA259DA0078797B = {
						CreatedOnToolsVersion = 16.2;
						TestTargetID = 7410E6612DA259D70078797B;
					};
				};
			};
			buildConfigurationList = 7410E65D2DA259D70078797B /* Build configuration list for PBXProject "Health_Final Project" */;
			developmentRegion = en;
			hasScannedForEncodings = 0;
			knownRegions = (
				en,
				Base,
			);
			mainGroup = 7410E6592DA259D70078797B;
			minimizedProjectReferenceProxies = 1;
			preferredProjectObjectVersion = 77;
			productRefGroup = 7410E6632DA259D70078797B /* Products */;
			projectDirPath = "";
			projectRoot = "";
			targets = (
				7410E6612DA259D70078797B /* Health_Final Project */,
				7410E6712DA259DA0078797B /* Health_Final ProjectTests */,
				7410E67B2DA259DA0078797B /* Health_Final ProjectUITests */,
			);
		};
/* End PBXProject section */

/* Begin PBXResourcesBuildPhase section */
		7410E6602DA259D70078797B /* Resources */ = {
			isa = PBXResourcesBuildPhase;
			buildActionMask = 2147483647;
			files = (
			);
			runOnlyForDeploymentPostprocessing = 0;
		};
		7410E6702DA259DA0078797B /* Resources */ = {
			isa = PBXResourcesBuildPhase;
			buildActionMask = 2147483647;
			files = (
			);
			runOnlyForDeploymentPostprocessing = 0;
		};
		7410E67A2DA259DA0078797B /* Resources */ = {
			isa = PBXResourcesBuildPhase;
			buildActionMask = 2147483647;
			files = (
			);
			runOnlyForDeploymentPostprocessing = 0;
		};
/* End PBXResourcesBuildPhase section */

/* Begin PBXSourcesBuildPhase section */
		7410E65E2DA259D70078797B /* Sources */ = {
			isa = PBXSourcesBuildPhase;
			buildActionMask = 2147483647;
			files = (
			);
			runOnlyForDeploymentPostprocessing = 0;
		};
		7410E66E2DA259DA0078797B /* Sources */ = {
			isa = PBXSourcesBuildPhase;
			buildActionMask = 2147483647;
			files = (
			);
			runOnlyForDeploymentPostprocessing = 0;
		};
		7410E6782DA259DA0078797B /* Sources */ = {
			isa = PBXSourcesBuildPhase;
			buildActionMask = 2147483647;
			files = (
			);
			runOnlyForDeploymentPostprocessing = 0;
		};
/* End PBXSourcesBuildPhase section */

/* Begin PBXTargetDependency section */
		7410E6742DA259DA0078797B /* PBXTargetDependency */ = {
			isa = PBXTargetDependency;
			target = 7410E6612DA259D70078797B /* Health_Final Project */;
			targetProxy = 7410E6732DA259DA0078797B /* PBXContainerItemProxy */;
		};
		7410E67E2DA259DA0078797B /* PBXTargetDependency */ = {
			isa = PBXTargetDependency;
			target = 7410E6612DA259D70078797B /* Health_Final Project */;
			targetProxy = 7410E67D2DA259DA0078797B /* PBXContainerItemProxy */;
		};
/* End PBXTargetDependency section */

/* Begin XCBuildConfiguration section */
		7410E6842DA259DA0078797B /* Debug */ = {
			isa = XCBuildConfiguration;
			buildSettings = {
				ALWAYS_SEARCH_USER_PATHS = NO;
				ASSETCATALOG_COMPILER_GENERATE_SWIFT_ASSET_SYMBOL_EXTENSIONS = YES;
				CLANG_ANALYZER_NONNULL = YES;
				CLANG_ANALYZER_NUMBER_OBJECT_CONVERSION = YES_AGGRESSIVE;
				CLANG_CXX_LANGUAGE_STANDARD = "gnu++20";
				CLANG_ENABLE_MODULES = YES;
				CLANG_ENABLE_OBJC_ARC = YES;
				CLANG_ENABLE_OBJC_WEAK = YES;
				CLANG_WARN_BLOCK_CAPTURE_AUTORELEASING = YES;
				CLANG_WARN_BOOL_CONVERSION = YES;
				CLANG_WARN_COMMA = YES;
				CLANG_WARN_CONSTANT_CONVERSION = YES;
				CLANG_WARN_DEPRECATED_OBJC_IMPLEMENTATIONS = YES;
				CLANG_WARN_DIRECT_OBJC_ISA_USAGE = YES_ERROR;
				CLANG_WARN_DOCUMENTATION_COMMENTS = YES;
				CLANG_WARN_EMPTY_BODY = YES;
				CLANG_WARN_ENUM_CONVERSION = YES;
				CLANG_WARN_INFINITE_RECURSION = YES;
				CLANG_WARN_INT_CONVERSION = YES;
				CLANG_WARN_NON_LITERAL_NULL_CONVERSION = YES;
				CLANG_WARN_OBJC_IMPLICIT_RETAIN_SELF = YES;
				CLANG_WARN_OBJC_LITERAL_CONVERSION = YES;
				CLANG_WARN_OBJC_ROOT_CLASS = YES_ERROR;
				CLANG_WARN_QUOTED_INCLUDE_IN_FRAMEWORK_HEADER = YES;
				CLANG_WARN_RANGE_LOOP_ANALYSIS = YES;
				CLANG_WARN_STRICT_PROTOTYPES = YES;
				CLANG_WARN_SUSPICIOUS_MOVE = YES;
				CLANG_WARN_UNGUARDED_AVAILABILITY = YES_AGGRESSIVE;
				CLANG_WARN_UNREACHABLE_CODE = YES;
				CLANG_WARN__DUPLICATE_METHOD_MATCH = YES;
				COPY_PHASE_STRIP = NO;
				DEBUG_INFORMATION_FORMAT = dwarf;
				ENABLE_STRICT_OBJC_MSGSEND = YES;
				ENABLE_TESTABILITY = YES;
				ENABLE_USER_SCRIPT_SANDBOXING = YES;
				GCC_C_LANGUAGE_STANDARD = gnu17;
				GCC_DYNAMIC_NO_PIC = NO;
				GCC_NO_COMMON_BLOCKS = YES;
				GCC_OPTIMIZATION_LEVEL = 0;
				GCC_PREPROCESSOR_DEFINITIONS = (
					"DEBUG=1",
					"$(inherited)",
				);
				GCC_WARN_64_TO_32_BIT_CONVERSION = YES;
				GCC_WARN_ABOUT_RETURN_TYPE = YES_ERROR;
				GCC_WARN_UNDECLARED_SELECTOR = YES;
				GCC_WARN_UNINITIALIZED_AUTOS = YES_AGGRESSIVE;
				GCC_WARN_UNUSED_FUNCTION = YES;
				GCC_WARN_UNUSED_VARIABLE = YES;
				IPHONEOS_DEPLOYMENT_TARGET = 18.2;
				LOCALIZATION_PREFERS_STRING_CATALOGS = YES;
				MTL_ENABLE_DEBUG_INFO = INCLUDE_SOURCE;
				MTL_FAST_MATH = YES;
				ONLY_ACTIVE_ARCH = YES;
				SDKROOT = iphoneos;
				SWIFT_ACTIVE_COMPILATION_CONDITIONS = "DEBUG $(inherited)";
				SWIFT_OPTIMIZATION_LEVEL = "-Onone";
			};
			name = Debug;
		};
		7410E6852DA259DA0078797B /* Release */ = {
			isa = XCBuildConfiguration;
			buildSettings = {
				ALWAYS_SEARCH_USER_PATHS = NO;
				ASSETCATALOG_COMPILER_GENERATE_SWIFT_ASSET_SYMBOL_EXTENSIONS = YES;
				CLANG_ANALYZER_NONNULL = YES;
				CLANG_ANALYZER_NUMBER_OBJECT_CONVERSION = YES_AGGRESSIVE;
				CLANG_CXX_LANGUAGE_STANDARD = "gnu++20";
				CLANG_ENABLE_MODULES = YES;
				CLANG_ENABLE_OBJC_ARC = YES;
				CLANG_ENABLE_OBJC_WEAK = YES;
				CLANG_WARN_BLOCK_CAPTURE_AUTORELEASING = YES;
				CLANG_WARN_BOOL_CONVERSION = YES;
				CLANG_WARN_COMMA = YES;
				CLANG_WARN_CONSTANT_CONVERSION = YES;
				CLANG_WARN_DEPRECATED_OBJC_IMPLEMENTATIONS = YES;
				CLANG_WARN_DIRECT_OBJC_ISA_USAGE = YES_ERROR;
				CLANG_WARN_DOCUMENTATION_COMMENTS = YES;
				CLANG_WARN_EMPTY_BODY = YES;
				CLANG_WARN_ENUM_CONVERSION = YES;
				CLANG_WARN_INFINITE_RECURSION = YES;
				CLANG_WARN_INT_CONVERSION = YES;
				CLANG_WARN_NON_LITERAL_NULL_CONVERSION = YES;
				CLANG_WARN_OBJC_IMPLICIT_RETAIN_SELF = YES;
				CLANG_WARN_OBJC_LITERAL_CONVERSION = YES;
				CLANG_WARN_OBJC_ROOT_CLASS = YES_ERROR;
				CLANG_WARN_QUOTED_INCLUDE_IN_FRAMEWORK_HEADER = YES;
				CLANG_WARN_RANGE_LOOP_ANALYSIS = YES;
				CLANG_WARN_STRICT_PROTOTYPES = YES;
				CLANG_WARN_SUSPICIOUS_MOVE = YES;
				CLANG_WARN_UNGUARDED_AVAILABILITY = YES_AGGRESSIVE;
				CLANG_WARN_UNREACHABLE_CODE = YES;
				CLANG_WARN__DUPLICATE_METHOD_MATCH = YES;
				COPY_PHASE_STRIP = NO;
				DEBUG_INFORMATION_FORMAT = "dwarf-with-dsym";
				ENABLE_NS_ASSERTIONS = NO;
				ENABLE_STRICT_OBJC_MSGSEND = YES;
				ENABLE_USER_SCRIPT_SANDBOXING = YES;
				GCC_C_LANGUAGE_STANDARD = gnu17;
				GCC_NO_COMMON_BLOCKS = YES;
				GCC_WARN_64_TO_32_BIT_CONVERSION = YES;
				GCC_WARN_ABOUT_RETURN_TYPE = YES_ERROR;
				GCC_WARN_UNDECLARED_SELECTOR = YES;
				GCC_WARN_UNINITIALIZED_AUTOS = YES_AGGRESSIVE;
				GCC_WARN_UNUSED_FUNCTION = YES;
				GCC_WARN_UNUSED_VARIABLE = YES;
				IPHONEOS_DEPLOYMENT_TARGET = 18.2;
				LOCALIZATION_PREFERS_STRING_CATALOGS = YES;
				MTL_ENABLE_DEBUG_INFO = NO;
				MTL_FAST_MATH = YES;
				SDKROOT = iphoneos;
				SWIFT_COMPILATION_MODE = wholemodule;
				VALIDATE_PRODUCT = YES;
			};
			name = Release;
		};
		7410E6872DA259DA0078797B /* Debug */ = {
			isa = XCBuildConfiguration;
			buildSettings = {
				ASSETCATALOG_COMPILER_APPICON_NAME = AppIcon;
				ASSETCATALOG_COMPILER_GLOBAL_ACCENT_COLOR_NAME = AccentColor;
				CODE_SIGN_ENTITLEMENTS = "Health_Final Project/Health_Final Project.entitlements";
				CODE_SIGN_STYLE = Automatic;
				CURRENT_PROJECT_VERSION = 1;
				DEVELOPMENT_ASSET_PATHS = "\"Health_Final Project/Preview Content\"";
				DEVELOPMENT_TEAM = R24Q7LT92T;
				ENABLE_PREVIEWS = YES;
				GENERATE_INFOPLIST_FILE = YES;
				INFOPLIST_KEY_LSApplicationCategoryType = "";
				INFOPLIST_KEY_NSHealthShareUsageDescription = "This app shares your health data to provide personal guidelines";
				INFOPLIST_KEY_NSHealthUpdateUsageDescription = "This app updates your health data";
				INFOPLIST_KEY_NSMicrophoneUsageDescription = "MIcrophone please";
				INFOPLIST_KEY_NSSpeechRecognitionUsageDescription = "Give me speech";
				INFOPLIST_KEY_UIApplicationSceneManifest_Generation = YES;
				INFOPLIST_KEY_UIApplicationSupportsIndirectInputEvents = YES;
				INFOPLIST_KEY_UILaunchScreen_Generation = YES;
				INFOPLIST_KEY_UISupportedInterfaceOrientations_iPad = "UIInterfaceOrientationPortrait UIInterfaceOrientationPortraitUpsideDown UIInterfaceOrientationLandscapeLeft UIInterfaceOrientationLandscapeRight";
				INFOPLIST_KEY_UISupportedInterfaceOrientations_iPhone = "UIInterfaceOrientationPortrait UIInterfaceOrientationLandscapeLeft UIInterfaceOrientationLandscapeRight";
				LD_RUNPATH_SEARCH_PATHS = (
					"$(inherited)",
					"@executable_path/Frameworks",
				);
				MARKETING_VERSION = 1.0;
				PRODUCT_BUNDLE_IDENTIFIER = "molab.Health-Final-Project";
				PRODUCT_NAME = "$(TARGET_NAME)";
				SWIFT_EMIT_LOC_STRINGS = YES;
				SWIFT_VERSION = 5.0;
				TARGETED_DEVICE_FAMILY = "1,2";
			};
			name = Debug;
		};
		7410E6882DA259DA0078797B /* Release */ = {
			isa = XCBuildConfiguration;
			buildSettings = {
				ASSETCATALOG_COMPILER_APPICON_NAME = AppIcon;
				ASSETCATALOG_COMPILER_GLOBAL_ACCENT_COLOR_NAME = AccentColor;
				CODE_SIGN_ENTITLEMENTS = "Health_Final Project/Health_Final Project.entitlements";
				CODE_SIGN_STYLE = Automatic;
				CURRENT_PROJECT_VERSION = 1;
				DEVELOPMENT_ASSET_PATHS = "\"Health_Final Project/Preview Content\"";
				DEVELOPMENT_TEAM = R24Q7LT92T;
				ENABLE_PREVIEWS = YES;
				GENERATE_INFOPLIST_FILE = YES;
				INFOPLIST_KEY_LSApplicationCategoryType = "";
				INFOPLIST_KEY_NSHealthShareUsageDescription = "This app shares your health data to provide personal guidelines";
				INFOPLIST_KEY_NSHealthUpdateUsageDescription = "This app updates your health data";
				INFOPLIST_KEY_NSMicrophoneUsageDescription = "MIcrophone please";
				INFOPLIST_KEY_NSSpeechRecognitionUsageDescription = "Give me speech";
				INFOPLIST_KEY_UIApplicationSceneManifest_Generation = YES;
				INFOPLIST_KEY_UIApplicationSupportsIndirectInputEvents = YES;
				INFOPLIST_KEY_UILaunchScreen_Generation = YES;
				INFOPLIST_KEY_UISupportedInterfaceOrientations_iPad = "UIInterfaceOrientationPortrait UIInterfaceOrientationPortraitUpsideDown UIInterfaceOrientationLandscapeLeft UIInterfaceOrientationLandscapeRight";
				INFOPLIST_KEY_UISupportedInterfaceOrientations_iPhone = "UIInterfaceOrientationPortrait UIInterfaceOrientationLandscapeLeft UIInterfaceOrientationLandscapeRight";
				LD_RUNPATH_SEARCH_PATHS = (
					"$(inherited)",
					"@executable_path/Frameworks",
				);
				MARKETING_VERSION = 1.0;
				PRODUCT_BUNDLE_IDENTIFIER = "molab.Health-Final-Project";
				PRODUCT_NAME = "$(TARGET_NAME)";
				SWIFT_EMIT_LOC_STRINGS = YES;
				SWIFT_VERSION = 5.0;
				TARGETED_DEVICE_FAMILY = "1,2";
			};
			name = Release;
		};
		7410E68A2DA259DA0078797B /* Debug */ = {
			isa = XCBuildConfiguration;
			buildSettings = {
				BUNDLE_LOADER = "$(TEST_HOST)";
				CODE_SIGN_STYLE = Automatic;
				CURRENT_PROJECT_VERSION = 1;
				DEVELOPMENT_TEAM = R24Q7LT92T;
				GENERATE_INFOPLIST_FILE = YES;
				IPHONEOS_DEPLOYMENT_TARGET = 18.2;
				MARKETING_VERSION = 1.0;
				PRODUCT_BUNDLE_IDENTIFIER = "molab.Health-Final-ProjectTests";
				PRODUCT_NAME = "$(TARGET_NAME)";
				SWIFT_EMIT_LOC_STRINGS = NO;
				SWIFT_VERSION = 5.0;
				TARGETED_DEVICE_FAMILY = "1,2";
				TEST_HOST = "$(BUILT_PRODUCTS_DIR)/Health_Final Project.app/$(BUNDLE_EXECUTABLE_FOLDER_PATH)/Health_Final Project";
			};
			name = Debug;
		};
		7410E68B2DA259DA0078797B /* Release */ = {
			isa = XCBuildConfiguration;
			buildSettings = {
				BUNDLE_LOADER = "$(TEST_HOST)";
				CODE_SIGN_STYLE = Automatic;
				CURRENT_PROJECT_VERSION = 1;
				DEVELOPMENT_TEAM = R24Q7LT92T;
				GENERATE_INFOPLIST_FILE = YES;
				IPHONEOS_DEPLOYMENT_TARGET = 18.2;
				MARKETING_VERSION = 1.0;
				PRODUCT_BUNDLE_IDENTIFIER = "molab.Health-Final-ProjectTests";
				PRODUCT_NAME = "$(TARGET_NAME)";
				SWIFT_EMIT_LOC_STRINGS = NO;
				SWIFT_VERSION = 5.0;
				TARGETED_DEVICE_FAMILY = "1,2";
				TEST_HOST = "$(BUILT_PRODUCTS_DIR)/Health_Final Project.app/$(BUNDLE_EXECUTABLE_FOLDER_PATH)/Health_Final Project";
			};
			name = Release;
		};
		7410E68D2DA259DA0078797B /* Debug */ = {
			isa = XCBuildConfiguration;
			buildSettings = {
				CODE_SIGN_STYLE = Automatic;
				CURRENT_PROJECT_VERSION = 1;
				DEVELOPMENT_TEAM = R24Q7LT92T;
				GENERATE_INFOPLIST_FILE = YES;
				MARKETING_VERSION = 1.0;
				PRODUCT_BUNDLE_IDENTIFIER = "molab.Health-Final-ProjectUITests";
				PRODUCT_NAME = "$(TARGET_NAME)";
				SWIFT_EMIT_LOC_STRINGS = NO;
				SWIFT_VERSION = 5.0;
				TARGETED_DEVICE_FAMILY = "1,2";
				TEST_TARGET_NAME = "Health_Final Project";
			};
			name = Debug;
		};
		7410E68E2DA259DA0078797B /* Release */ = {
			isa = XCBuildConfiguration;
			buildSettings = {
				CODE_SIGN_STYLE = Automatic;
				CURRENT_PROJECT_VERSION = 1;
				DEVELOPMENT_TEAM = R24Q7LT92T;
				GENERATE_INFOPLIST_FILE = YES;
				MARKETING_VERSION = 1.0;
				PRODUCT_BUNDLE_IDENTIFIER = "molab.Health-Final-ProjectUITests";
				PRODUCT_NAME = "$(TARGET_NAME)";
				SWIFT_EMIT_LOC_STRINGS = NO;
				SWIFT_VERSION = 5.0;
				TARGETED_DEVICE_FAMILY = "1,2";
				TEST_TARGET_NAME = "Health_Final Project";
			};
			name = Release;
		};
/* End XCBuildConfiguration section */

/* Begin XCConfigurationList section */
		7410E65D2DA259D70078797B /* Build configuration list for PBXProject "Health_Final Project" */ = {
			isa = XCConfigurationList;
			buildConfigurations = (
				7410E6842DA259DA0078797B /* Debug */,
				7410E6852DA259DA0078797B /* Release */,
			);
			defaultConfigurationIsVisible = 0;
			defaultConfigurationName = Release;
		};
		7410E6862DA259DA0078797B /* Build configuration list for PBXNativeTarget "Health_Final Project" */ = {
			isa = XCConfigurationList;
			buildConfigurations = (
				7410E6872DA259DA0078797B /* Debug */,
				7410E6882DA259DA0078797B /* Release */,
			);
			defaultConfigurationIsVisible = 0;
			defaultConfigurationName = Release;
		};
		7410E6892DA259DA0078797B /* Build configuration list for PBXNativeTarget "Health_Final ProjectTests" */ = {
			isa = XCConfigurationList;
			buildConfigurations = (
				7410E68A2DA259DA0078797B /* Debug */,
				7410E68B2DA259DA0078797B /* Release */,
			);
			defaultConfigurationIsVisible = 0;
			defaultConfigurationName = Release;
		};
		7410E68C2DA259DA0078797B /* Build configuration list for PBXNativeTarget "Health_Final ProjectUITests" */ = {
			isa = XCConfigurationList;
			buildConfigurations = (
				7410E68D2DA259DA0078797B /* Debug */,
				7410E68E2DA259DA0078797B /* Release */,
			);
			defaultConfigurationIsVisible = 0;
			defaultConfigurationName = Release;
		};
/* End XCConfigurationList section */
	};
	rootObject = 7410E65A2DA259D70078797B /* Project object */;
}
